PODS:
  - Alamofire (4.9.0)
  - SDWebImage (5.19.4):
    - SDWebImage/Core (= 5.19.4)
  - SDWebImage/Core (5.19.4)
  - SDWebImageSwiftUI (3.1.1):
    - SDWebImage (~> 5.10)
  - SVProgressHUD (2.3.1):
    - SVProgressHUD/Core (= 2.3.1)
  - SVProgressHUD/Core (2.3.1)
  - SwiftyJSON (5.0.2)

DEPENDENCIES:
  - Alamofire (= 4.9.0)
  - SDWebImage (~> 5.0)
  - SDWebImageSwiftUI
  - SVProgressHUD (~> 2.0)
  - SwiftyJSON

SPEC REPOS:
  trunk:
    - Alamofire
    - SDWebImage
    - SDWebImageSwiftUI
    - SVProgressHUD
    - SwiftyJSON

SPEC CHECKSUMS:
  Alamofire: afc3e7c6db61476cb45cdd23fed06bad03bbc321
  SDWebImage: 066c47b573f408f18caa467d71deace7c0f8280d
  SDWebImageSwiftUI: dcff3d05fd0579ff280221ae8856c34ac3b67f25
  SVProgressHUD: 4837c74bdfe2e51e8821c397825996a8d7de6e22
  SwiftyJSON: f5b1bf1cd8dd53cd25887ac0eabcfd92301c6a5a

PODFILE CHECKSUM: a0f920f56af054e1085d280f67f810c37322c94e

COCOAPODS: 1.15.2
